
Microsoft Visual Studio Solution File, Format Version 12.00
# Visual Studio Version 17
VisualStudioVersion = 17.14.36301.6
MinimumVisualStudioVersion = 10.0.40219.1
Project("{FAE04EC0-301F-11D3-BF4B-00C04F79EFBC}") = "MEPhysBone", "MEPhysBone\MEPhysBone.csproj", "{08394D2B-37B4-4347-9690-2D8E1CEB0691}"
EndProject
Global
	GlobalSection(SolutionConfigurationPlatforms) = preSolution
		Debug|Any CPU = Debug|Any CPU
		Release|Any CPU = Release|Any CPU
	EndGlobalSection
	GlobalSection(ProjectConfigurationPlatforms) = postSolution
		{08394D2B-37B4-4347-9690-2D8E1CEB0691}.Debug|Any CPU.ActiveCfg = Debug|Any CPU
		{08394D2B-37B4-4347-9690-2D8E1CEB0691}.Debug|Any CPU.Build.0 = Debug|Any CPU
		{08394D2B-37B4-4347-9690-2D8E1CEB0691}.Release|Any CPU.ActiveCfg = Release|Any CPU
		{08394D2B-37B4-4347-9690-2D8E1CEB0691}.Release|Any CPU.Build.0 = Release|Any CPU
	EndGlobalSection
	GlobalSection(SolutionProperties) = preSolution
		HideSolutionNode = FALSE
	EndGlobalSection
	GlobalSection(ExtensibilityGlobals) = postSolution
		SolutionGuid = {3A82BA94-D8CD-49E3-8933-E1A7199A6109}
	EndGlobalSection
EndGlobal
